
Microsoft Visual Studio Solution File, Format Version 12.00
# Visual Studio Version 17
VisualStudioVersion = 17.7.34221.43
MinimumVisualStudioVersion = 10.0.40219.1
Project("{FAE04EC0-301F-11D3-BF4B-00C04F79EFBC}") = "MVC_TravelBooking_Project", "MVC_TravelBooking_Project.csproj", "{7BD06616-C88A-4B35-9FA1-E1DA614693D8}"
EndProject
Global
	GlobalSection(SolutionConfigurationPlatforms) = preSolution
		Debug|Any CPU = Debug|Any CPU
		Release|Any CPU = Release|Any CPU
	EndGlobalSection
	GlobalSection(ProjectConfigurationPlatforms) = postSolution
		{7BD06616-C88A-4B35-9FA1-E1DA614693D8}.Debug|Any CPU.ActiveCfg = Debug|Any CPU
		{7BD06616-C88A-4B35-9FA1-E1DA614693D8}.Debug|Any CPU.Build.0 = Debug|Any CPU
		{7BD06616-C88A-4B35-9FA1-E1DA614693D8}.Release|Any CPU.ActiveCfg = Release|Any CPU
		{7BD06616-C88A-4B35-9FA1-E1DA614693D8}.Release|Any CPU.Build.0 = Release|Any CPU
	EndGlobalSection
	GlobalSection(SolutionProperties) = preSolution
		HideSolutionNode = FALSE
	EndGlobalSection
	GlobalSection(ExtensibilityGlobals) = postSolution
		SolutionGuid = {023B46F6-588E-4231-AFB5-B4947B3D0370}
	EndGlobalSection
EndGlobal
