
Microsoft Visual Studio Solution File, Format Version 12.00
# Visual Studio Version 17
VisualStudioVersion = 17.8.34309.116
MinimumVisualStudioVersion = 10.0.40219.1
Project("{9A19103F-16F7-4668-BE54-9A1E7A4F7556}") = "API_TravelBooking_Project", "API_TravelBooking_Project.csproj", "{57D8D8A8-A52A-4426-AD04-29B8C83ADED4}"
EndProject
Project("{9A19103F-16F7-4668-BE54-9A1E7A4F7556}") = "ClassLibrary_API_TravelBooking_Project", "..\ClassLibrary_API_TravelBooking_Project\ClassLibrary_API_TravelBooking_Project.csproj", "{8302AE7E-C356-4AFD-A04C-4DF3B33FED56}"
EndProject
Project("{FAE04EC0-301F-11D3-BF4B-00C04F79EFBC}") = "TestProject_API_TravelBooking_Project", "..\TestProject_API_TravelBooking_Project\TestProject_API_TravelBooking_Project.csproj", "{66F81DDC-AD62-4105-BC1D-FAAB4ACB0692}"
EndProject
Global
	GlobalSection(SolutionConfigurationPlatforms) = preSolution
		Debug|Any CPU = Debug|Any CPU
		Release|Any CPU = Release|Any CPU
	EndGlobalSection
	GlobalSection(ProjectConfigurationPlatforms) = postSolution
		{57D8D8A8-A52A-4426-AD04-29B8C83ADED4}.Debug|Any CPU.ActiveCfg = Debug|Any CPU
		{57D8D8A8-A52A-4426-AD04-29B8C83ADED4}.Debug|Any CPU.Build.0 = Debug|Any CPU
		{57D8D8A8-A52A-4426-AD04-29B8C83ADED4}.Release|Any CPU.ActiveCfg = Release|Any CPU
		{57D8D8A8-A52A-4426-AD04-29B8C83ADED4}.Release|Any CPU.Build.0 = Release|Any CPU
		{8302AE7E-C356-4AFD-A04C-4DF3B33FED56}.Debug|Any CPU.ActiveCfg = Debug|Any CPU
		{8302AE7E-C356-4AFD-A04C-4DF3B33FED56}.Debug|Any CPU.Build.0 = Debug|Any CPU
		{8302AE7E-C356-4AFD-A04C-4DF3B33FED56}.Release|Any CPU.ActiveCfg = Release|Any CPU
		{8302AE7E-C356-4AFD-A04C-4DF3B33FED56}.Release|Any CPU.Build.0 = Release|Any CPU
		{66F81DDC-AD62-4105-BC1D-FAAB4ACB0692}.Debug|Any CPU.ActiveCfg = Debug|Any CPU
		{66F81DDC-AD62-4105-BC1D-FAAB4ACB0692}.Debug|Any CPU.Build.0 = Debug|Any CPU
		{66F81DDC-AD62-4105-BC1D-FAAB4ACB0692}.Release|Any CPU.ActiveCfg = Release|Any CPU
		{66F81DDC-AD62-4105-BC1D-FAAB4ACB0692}.Release|Any CPU.Build.0 = Release|Any CPU
	EndGlobalSection
	GlobalSection(SolutionProperties) = preSolution
		HideSolutionNode = FALSE
	EndGlobalSection
	GlobalSection(ExtensibilityGlobals) = postSolution
		SolutionGuid = {A3EFEE7C-4826-46E0-AD62-49BBB09790C3}
	EndGlobalSection
EndGlobal
